
Microsoft Visual Studio Solution File, Format Version 12.00
# Visual Studio 15
VisualStudioVersion = 15.0.27428.2015
MinimumVisualStudioVersion = 10.0.40219.1
Project("{FAE04EC0-301F-11D3-BF4B-00C04F79EFBC}") = "Lab28-DeckofCards", "Lab28-DeckofCards\Lab28-DeckofCards.csproj", "{808D3B78-FF57-48A0-B986-A9A92CF71228}"
EndProject
Global
	GlobalSection(SolutionConfigurationPlatforms) = preSolution
		Debug|Any CPU = Debug|Any CPU
		Release|Any CPU = Release|Any CPU
	EndGlobalSection
	GlobalSection(ProjectConfigurationPlatforms) = postSolution
		{808D3B78-FF57-48A0-B986-A9A92CF71228}.Debug|Any CPU.ActiveCfg = Debug|Any CPU
		{808D3B78-FF57-48A0-B986-A9A92CF71228}.Debug|Any CPU.Build.0 = Debug|Any CPU
		{808D3B78-FF57-48A0-B986-A9A92CF71228}.Release|Any CPU.ActiveCfg = Release|Any CPU
		{808D3B78-FF57-48A0-B986-A9A92CF71228}.Release|Any CPU.Build.0 = Release|Any CPU
	EndGlobalSection
	GlobalSection(SolutionProperties) = preSolution
		HideSolutionNode = FALSE
	EndGlobalSection
	GlobalSection(ExtensibilityGlobals) = postSolution
		SolutionGuid = {C105C46C-55E2-4D83-85AA-B11E62F6608A}
	EndGlobalSection
EndGlobal
